
Microsoft Visual Studio Solution File, Format Version 12.00
# Visual Studio Version 17
VisualStudioVersion = 17.2.32602.215
MinimumVisualStudioVersion = 10.0.40219.1
Project("{FAE04EC0-301F-11D3-BF4B-00C04F79EFBC}") = "WindowsFormsApp16", "WindowsFormsApp16\WindowsFormsApp16.csproj", "{94506B32-4E5B-4C0B-AF2D-E94A9D05C6A8}"
EndProject
Global
	GlobalSection(SolutionConfigurationPlatforms) = preSolution
		Debug|Any CPU = Debug|Any CPU
		Release|Any CPU = Release|Any CPU
	EndGlobalSection
	GlobalSection(ProjectConfigurationPlatforms) = postSolution
		{94506B32-4E5B-4C0B-AF2D-E94A9D05C6A8}.Debug|Any CPU.ActiveCfg = Debug|Any CPU
		{94506B32-4E5B-4C0B-AF2D-E94A9D05C6A8}.Debug|Any CPU.Build.0 = Debug|Any CPU
		{94506B32-4E5B-4C0B-AF2D-E94A9D05C6A8}.Release|Any CPU.ActiveCfg = Release|Any CPU
		{94506B32-4E5B-4C0B-AF2D-E94A9D05C6A8}.Release|Any CPU.Build.0 = Release|Any CPU
	EndGlobalSection
	GlobalSection(SolutionProperties) = preSolution
		HideSolutionNode = FALSE
	EndGlobalSection
	GlobalSection(ExtensibilityGlobals) = postSolution
		SolutionGuid = {C83EA9FD-3A65-4351-9FC7-2B62482E3230}
	EndGlobalSection
EndGlobal
